{
  "version": 4,
  "terraform_version": "1.0.10",
  "serial": 6,
  "lineage": "a511af48-6f55-5365-69fe-c9281f58262c",
  "outputs": {},
  "resources": [
    {
      "module": "module.gcp_instance",
      "mode": "managed",
      "type": "google_compute_instance",
      "name": "gpu_compute_instance",
      "provider": "provider[\"registry.terraform.io/hashicorp/google\"]",
      "instances": [
        {
          "schema_version": 6,
          "attributes": {
            "advanced_machine_features": [],
            "allow_stopping_for_update": null,
            "attached_disk": [],
            "boot_disk": [
              {
                "auto_delete": true,
                "device_name": "persistent-disk-0",
                "disk_encryption_key_raw": "",
                "disk_encryption_key_sha256": "",
                "initialize_params": [
                  {
                    "image": "https://www.googleapis.com/compute/v1/projects/ml-images/global/images/c1-deeplearning-tf-2-1-cu110-v20211022-debian-10",
                    "labels": {},
                    "size": 50,
                    "type": "pd-standard"
                  }
                ],
                "kms_key_self_link": "",
                "mode": "READ_WRITE",
                "source": "https://www.googleapis.com/compute/v1/projects/knots-lab/zones/us-central1-a/disks/knots-style-transfer-dev"
              }
            ],
            "can_ip_forward": false,
            "confidential_instance_config": [],
            "cpu_platform": "Intel Haswell",
            "current_status": "RUNNING",
            "deletion_protection": false,
            "description": "",
            "desired_status": null,
            "enable_display": false,
            "guest_accelerator": [
              {
                "count": 1,
                "type": "https://www.googleapis.com/compute/v1/projects/knots-lab/zones/us-central1-a/acceleratorTypes/nvidia-tesla-k80"
              }
            ],
            "hostname": "",
            "id": "projects/257220959067/zones/us-central1-a/instances/knots-style-transfer-dev",
            "instance_id": "5494327222873903099",
            "label_fingerprint": "42WmSpB8rSM=",
            "labels": null,
            "machine_type": "n1-standard-1",
            "metadata": null,
            "metadata_fingerprint": "wLjnQs1MerE=",
            "metadata_startup_script": "echo hi \u003e /test.txt",
            "min_cpu_platform": "",
            "name": "knots-style-transfer-dev",
            "network_interface": [
              {
                "access_config": [
                  {
                    "nat_ip": "34.135.129.46",
                    "network_tier": "PREMIUM",
                    "public_ptr_domain_name": ""
                  }
                ],
                "alias_ip_range": [],
                "ipv6_access_config": [],
                "ipv6_access_type": "",
                "name": "nic0",
                "network": "https://www.googleapis.com/compute/v1/projects/knots-lab/global/networks/default",
                "network_ip": "10.128.0.5",
                "nic_type": "",
                "stack_type": "IPV4_ONLY",
                "subnetwork": "https://www.googleapis.com/compute/v1/projects/knots-lab/regions/us-central1/subnetworks/default",
                "subnetwork_project": "knots-lab"
              }
            ],
            "project": "257220959067",
            "reservation_affinity": [],
            "resource_policies": null,
            "scheduling": [
              {
                "automatic_restart": false,
                "min_node_cpus": 0,
                "node_affinities": [],
                "on_host_maintenance": "TERMINATE",
                "preemptible": true
              }
            ],
            "scratch_disk": [
              {
                "interface": "SCSI"
              }
            ],
            "self_link": "https://www.googleapis.com/compute/v1/projects/knots-lab/zones/us-central1-a/instances/knots-style-transfer-dev",
            "service_account": [
              {
                "email": "knots-service-account-gpu-dev@257220959067.iam.gserviceaccount.com",
                "scopes": [
                  "https://www.googleapis.com/auth/cloud-platform"
                ]
              }
            ],
            "shielded_instance_config": [
              {
                "enable_integrity_monitoring": true,
                "enable_secure_boot": false,
                "enable_vtpm": true
              }
            ],
            "tags": null,
            "tags_fingerprint": "42WmSpB8rSM=",
            "timeouts": null,
            "zone": "us-central1-a"
          },
          "sensitive_attributes": [],
          "private": "eyJlMmJmYjczMC1lY2FhLTExZTYtOGY4OC0zNDM2M2JjN2M0YzAiOnsiY3JlYXRlIjoxMjAwMDAwMDAwMDAwLCJkZWxldGUiOjEyMDAwMDAwMDAwMDAsInVwZGF0ZSI6MTIwMDAwMDAwMDAwMH0sInNjaGVtYV92ZXJzaW9uIjoiNiJ9",
          "dependencies": [
            "module.gcp_instance.google_service_account.default"
          ]
        }
      ]
    },
    {
      "module": "module.gcp_instance",
      "mode": "managed",
      "type": "google_service_account",
      "name": "default",
      "provider": "provider[\"registry.terraform.io/hashicorp/google\"]",
      "instances": [
        {
          "schema_version": 0,
          "attributes": {
            "account_id": "knots-service-account-gpu-dev",
            "description": "",
            "disabled": false,
            "display_name": "Service Account",
            "email": "knots-service-account-gpu-dev@257220959067.iam.gserviceaccount.com",
            "id": "projects/knots-lab/serviceAccounts/knots-service-account-gpu-dev@257220959067.iam.gserviceaccount.com",
            "name": "projects/knots-lab/serviceAccounts/knots-service-account-gpu-dev@257220959067.iam.gserviceaccount.com",
            "project": "knots-lab",
            "timeouts": null,
            "unique_id": "106177628272057285196"
          },
          "sensitive_attributes": [],
          "private": "eyJlMmJmYjczMC1lY2FhLTExZTYtOGY4OC0zNDM2M2JjN2M0YzAiOnsiY3JlYXRlIjozMDAwMDAwMDAwMDB9fQ=="
        }
      ]
    }
  ]
}
